[[package]]
category = "main"
description = "Simple library for color and formatting to terminal"
name = "colored"
optional = false
python-versions = "*"
version = "1.4.0"

[metadata]
content-hash = "1bcea7e64d2291916a8f9df7384d4b78a4dcb83d85ab849ee553305cca7c0bfd"
python-versions = "^3.7"

[metadata.hashes]
colored = ["ee8f73c40c06d9e5b829a8e284ebfaeac5ebfc7578f2eb4a0e031b40fe799a72"]
